
Microsoft Visual Studio Solution File, Format Version 12.00
# Visual Studio 2013
VisualStudioVersion = 12.0.30501.0
MinimumVisualStudioVersion = 10.0.40219.1
Project("{2150E333-8FDC-42A3-9474-1A3956D46DE8}") = "Anitro", "Anitro", "{B2829ACD-633C-4B3B-A5BE-02090559C2CD}"
EndProject
Project("{D954291E-2A0B-460D-934E-DC6B0785DB48}") = "Anitro.Shared", "Anitro\Anitro.Shared\Anitro.Shared.shproj", "{69671535-0A47-4C35-87CB-87C829519808}"
EndProject
Project("{FAE04EC0-301F-11D3-BF4B-00C04F79EFBC}") = "Anitro.Windows", "Anitro\Anitro.Windows\Anitro.Windows.csproj", "{9E1CFCEC-FFE9-46BC-850F-B7F3DD2C79B4}"
EndProject
Project("{FAE04EC0-301F-11D3-BF4B-00C04F79EFBC}") = "Anitro.WindowsPhone", "Anitro\Anitro.WindowsPhone\Anitro.WindowsPhone.csproj", "{CC0BCFFC-9436-42B5-B11D-CF0B2F346A54}"
EndProject
Global
	GlobalSection(SharedMSBuildProjectFiles) = preSolution
		Anitro\Anitro.Shared\Anitro.Shared.projitems*{cc0bcffc-9436-42b5-b11d-cf0b2f346a54}*SharedItemsImports = 4
		Anitro\Anitro.Shared\Anitro.Shared.projitems*{9e1cfcec-ffe9-46bc-850f-b7f3dd2c79b4}*SharedItemsImports = 4
		Anitro\Anitro.Shared\Anitro.Shared.projitems*{69671535-0a47-4c35-87cb-87c829519808}*SharedItemsImports = 13
	EndGlobalSection
	GlobalSection(TeamFoundationVersionControl) = preSolution
		SccNumberOfProjects = 5
		SccEnterpriseProvider = {4CA58AB2-18FA-4F8D-95D4-32DDF27D184C}
		SccTeamFoundationServer = https://killerrin.visualstudio.com/defaultcollection
		SccLocalPath0 = .
		SccProjectUniqueName1 = Anitro\\Anitro.Shared\\Anitro.Shared.shproj
		SccProjectTopLevelParentUniqueName1 = Anitro.sln
		SccProjectName1 = Anitro/Anitro.Shared
		SccLocalPath1 = Anitro\\Anitro.Shared
		SccProjectUniqueName2 = Anitro\\Anitro.Windows\\Anitro.Windows.csproj
		SccProjectTopLevelParentUniqueName2 = Anitro.sln
		SccProjectName2 = Anitro/Anitro.Windows
		SccLocalPath2 = Anitro\\Anitro.Windows
		SccProjectUniqueName3 = Anitro\\Anitro.WindowsPhone\\Anitro.WindowsPhone.csproj
		SccProjectTopLevelParentUniqueName3 = Anitro.sln
		SccProjectName3 = Anitro/Anitro.WindowsPhone
		SccLocalPath3 = Anitro\\Anitro.WindowsPhone
		SccProjectUniqueName4 = Anitro\\Anitro.Shared\\Anitro.Shared.projitems
		SccProjectTopLevelParentUniqueName4 = Anitro.sln
		SccProjectName4 = Anitro/Anitro.Shared
		SccLocalPath4 = Anitro\\Anitro.Shared
	EndGlobalSection
	GlobalSection(SolutionConfigurationPlatforms) = preSolution
		Debug|Any CPU = Debug|Any CPU
		Debug|ARM = Debug|ARM
		Debug|x64 = Debug|x64
		Debug|x86 = Debug|x86
		Release|Any CPU = Release|Any CPU
		Release|ARM = Release|ARM
		Release|x64 = Release|x64
		Release|x86 = Release|x86
	EndGlobalSection
	GlobalSection(ProjectConfigurationPlatforms) = postSolution
		{9E1CFCEC-FFE9-46BC-850F-B7F3DD2C79B4}.Debug|Any CPU.ActiveCfg = Debug|Any CPU
		{9E1CFCEC-FFE9-46BC-850F-B7F3DD2C79B4}.Debug|Any CPU.Build.0 = Debug|Any CPU
		{9E1CFCEC-FFE9-46BC-850F-B7F3DD2C79B4}.Debug|Any CPU.Deploy.0 = Debug|Any CPU
		{9E1CFCEC-FFE9-46BC-850F-B7F3DD2C79B4}.Debug|ARM.ActiveCfg = Debug|ARM
		{9E1CFCEC-FFE9-46BC-850F-B7F3DD2C79B4}.Debug|ARM.Build.0 = Debug|ARM
		{9E1CFCEC-FFE9-46BC-850F-B7F3DD2C79B4}.Debug|ARM.Deploy.0 = Debug|ARM
		{9E1CFCEC-FFE9-46BC-850F-B7F3DD2C79B4}.Debug|x64.ActiveCfg = Debug|x64
		{9E1CFCEC-FFE9-46BC-850F-B7F3DD2C79B4}.Debug|x64.Build.0 = Debug|x64
		{9E1CFCEC-FFE9-46BC-850F-B7F3DD2C79B4}.Debug|x64.Deploy.0 = Debug|x64
		{9E1CFCEC-FFE9-46BC-850F-B7F3DD2C79B4}.Debug|x86.ActiveCfg = Debug|x86
		{9E1CFCEC-FFE9-46BC-850F-B7F3DD2C79B4}.Debug|x86.Build.0 = Debug|x86
		{9E1CFCEC-FFE9-46BC-850F-B7F3DD2C79B4}.Debug|x86.Deploy.0 = Debug|x86
		{9E1CFCEC-FFE9-46BC-850F-B7F3DD2C79B4}.Release|Any CPU.ActiveCfg = Release|Any CPU
		{9E1CFCEC-FFE9-46BC-850F-B7F3DD2C79B4}.Release|Any CPU.Build.0 = Release|Any CPU
		{9E1CFCEC-FFE9-46BC-850F-B7F3DD2C79B4}.Release|Any CPU.Deploy.0 = Release|Any CPU
		{9E1CFCEC-FFE9-46BC-850F-B7F3DD2C79B4}.Release|ARM.ActiveCfg = Release|ARM
		{9E1CFCEC-FFE9-46BC-850F-B7F3DD2C79B4}.Release|ARM.Build.0 = Release|ARM
		{9E1CFCEC-FFE9-46BC-850F-B7F3DD2C79B4}.Release|ARM.Deploy.0 = Release|ARM
		{9E1CFCEC-FFE9-46BC-850F-B7F3DD2C79B4}.Release|x64.ActiveCfg = Release|x64
		{9E1CFCEC-FFE9-46BC-850F-B7F3DD2C79B4}.Release|x64.Build.0 = Release|x64
		{9E1CFCEC-FFE9-46BC-850F-B7F3DD2C79B4}.Release|x64.Deploy.0 = Release|x64
		{9E1CFCEC-FFE9-46BC-850F-B7F3DD2C79B4}.Release|x86.ActiveCfg = Release|x86
		{9E1CFCEC-FFE9-46BC-850F-B7F3DD2C79B4}.Release|x86.Build.0 = Release|x86
		{9E1CFCEC-FFE9-46BC-850F-B7F3DD2C79B4}.Release|x86.Deploy.0 = Release|x86
		{CC0BCFFC-9436-42B5-B11D-CF0B2F346A54}.Debug|Any CPU.ActiveCfg = Debug|Any CPU
		{CC0BCFFC-9436-42B5-B11D-CF0B2F346A54}.Debug|Any CPU.Build.0 = Debug|Any CPU
		{CC0BCFFC-9436-42B5-B11D-CF0B2F346A54}.Debug|Any CPU.Deploy.0 = Debug|Any CPU
		{CC0BCFFC-9436-42B5-B11D-CF0B2F346A54}.Debug|ARM.ActiveCfg = Debug|ARM
		{CC0BCFFC-9436-42B5-B11D-CF0B2F346A54}.Debug|ARM.Build.0 = Debug|ARM
		{CC0BCFFC-9436-42B5-B11D-CF0B2F346A54}.Debug|ARM.Deploy.0 = Debug|ARM
		{CC0BCFFC-9436-42B5-B11D-CF0B2F346A54}.Debug|x64.ActiveCfg = Debug|Any CPU
		{CC0BCFFC-9436-42B5-B11D-CF0B2F346A54}.Debug|x86.ActiveCfg = Debug|x86
		{CC0BCFFC-9436-42B5-B11D-CF0B2F346A54}.Debug|x86.Build.0 = Debug|x86
		{CC0BCFFC-9436-42B5-B11D-CF0B2F346A54}.Debug|x86.Deploy.0 = Debug|x86
		{CC0BCFFC-9436-42B5-B11D-CF0B2F346A54}.Release|Any CPU.ActiveCfg = Release|Any CPU
		{CC0BCFFC-9436-42B5-B11D-CF0B2F346A54}.Release|Any CPU.Build.0 = Release|Any CPU
		{CC0BCFFC-9436-42B5-B11D-CF0B2F346A54}.Release|Any CPU.Deploy.0 = Release|Any CPU
		{CC0BCFFC-9436-42B5-B11D-CF0B2F346A54}.Release|ARM.ActiveCfg = Release|ARM
		{CC0BCFFC-9436-42B5-B11D-CF0B2F346A54}.Release|ARM.Build.0 = Release|ARM
		{CC0BCFFC-9436-42B5-B11D-CF0B2F346A54}.Release|ARM.Deploy.0 = Release|ARM
		{CC0BCFFC-9436-42B5-B11D-CF0B2F346A54}.Release|x64.ActiveCfg = Release|Any CPU
		{CC0BCFFC-9436-42B5-B11D-CF0B2F346A54}.Release|x86.ActiveCfg = Release|x86
		{CC0BCFFC-9436-42B5-B11D-CF0B2F346A54}.Release|x86.Build.0 = Release|x86
		{CC0BCFFC-9436-42B5-B11D-CF0B2F346A54}.Release|x86.Deploy.0 = Release|x86
	EndGlobalSection
	GlobalSection(SolutionProperties) = preSolution
		HideSolutionNode = FALSE
	EndGlobalSection
	GlobalSection(NestedProjects) = preSolution
		{69671535-0A47-4C35-87CB-87C829519808} = {B2829ACD-633C-4B3B-A5BE-02090559C2CD}
		{9E1CFCEC-FFE9-46BC-850F-B7F3DD2C79B4} = {B2829ACD-633C-4B3B-A5BE-02090559C2CD}
		{CC0BCFFC-9436-42B5-B11D-CF0B2F346A54} = {B2829ACD-633C-4B3B-A5BE-02090559C2CD}
	EndGlobalSection
EndGlobal
